// !$*UTF8*$!
{
	archiveVersion = 1;
	classes = {
	};
	objectVersion = 56;
	objects = {

/* Begin PBXBuildFile section */
		63693B4F2B20DF1E0056E7FA /* AppDelegate.swift in Sources */ = {isa = PBXBuildFile; fileRef = 63693B4E2B20DF1E0056E7FA /* AppDelegate.swift */; };
		63693B512B20DF1E0056E7FA /* GameScene.sks in Resources */ = {isa = PBXBuildFile; fileRef = 63693B502B20DF1E0056E7FA /* GameScene.sks */; };
		63693B532B20DF1E0056E7FA /* Actions.sks in Resources */ = {isa = PBXBuildFile; fileRef = 63693B522B20DF1E0056E7FA /* Actions.sks */; };
		63693B552B20DF1E0056E7FA /* GameScene.swift in Sources */ = {isa = PBXBuildFile; fileRef = 63693B542B20DF1E0056E7FA /* GameScene.swift */; };
		63693B572B20DF1E0056E7FA /* GameViewController.swift in Sources */ = {isa = PBXBuildFile; fileRef = 63693B562B20DF1E0056E7FA /* GameViewController.swift */; };
		63693B5A2B20DF1E0056E7FA /* Main.storyboard in Resources */ = {isa = PBXBuildFile; fileRef = 63693B582B20DF1E0056E7FA /* Main.storyboard */; };
		63693B5C2B20DF200056E7FA /* Assets.xcassets in Resources */ = {isa = PBXBuildFile; fileRef = 63693B5B2B20DF200056E7FA /* Assets.xcassets */; };
		63693B5F2B20DF200056E7FA /* LaunchScreen.storyboard in Resources */ = {isa = PBXBuildFile; fileRef = 63693B5D2B20DF200056E7FA /* LaunchScreen.storyboard */; };
		63693B662B20E04C0056E7FA /* Bubbles.sks in Resources */ = {isa = PBXBuildFile; fileRef = 63693B652B20E04C0056E7FA /* Bubbles.sks */; };
		63693B682B20F3530056E7FA /* cyborg-ninja.mp3 in Resources */ = {isa = PBXBuildFile; fileRef = 63693B672B20F3530056E7FA /* cyborg-ninja.mp3 */; };
		63693B6A2B20F3A00056E7FA /* explosion.wav in Resources */ = {isa = PBXBuildFile; fileRef = 63693B692B20F3A00056E7FA /* explosion.wav */; };
		63693B6C2B20F4780056E7FA /* Explosion.sks in Resources */ = {isa = PBXBuildFile; fileRef = 63693B6B2B20F4780056E7FA /* Explosion.sks */; };
/* End PBXBuildFile section */

/* Begin PBXFileReference section */
		63693B4B2B20DF1E0056E7FA /* SeaGame.app */ = {isa = PBXFileReference; explicitFileType = wrapper.application; includeInIndex = 0; path = SeaGame.app; sourceTree = BUILT_PRODUCTS_DIR; };
		63693B4E2B20DF1E0056E7FA /* AppDelegate.swift */ = {isa = PBXFileReference; lastKnownFileType = sourcecode.swift; path = AppDelegate.swift; sourceTree = "<group>"; };
		63693B502B20DF1E0056E7FA /* GameScene.sks */ = {isa = PBXFileReference; lastKnownFileType = file.sks; path = GameScene.sks; sourceTree = "<group>"; };
		63693B522B20DF1E0056E7FA /* Actions.sks */ = {isa = PBXFileReference; lastKnownFileType = file.sks; path = Actions.sks; sourceTree = "<group>"; };
		63693B542B20DF1E0056E7FA /* GameScene.swift */ = {isa = PBXFileReference; lastKnownFileType = sourcecode.swift; path = GameScene.swift; sourceTree = "<group>"; };
		63693B562B20DF1E0056E7FA /* GameViewController.swift */ = {isa = PBXFileReference; lastKnownFileType = sourcecode.swift; path = GameViewController.swift; sourceTree = "<group>"; };
		63693B592B20DF1E0056E7FA /* Base */ = {isa = PBXFileReference; lastKnownFileType = file.storyboard; name = Base; path = Base.lproj/Main.storyboard; sourceTree = "<group>"; };
		63693B5B2B20DF200056E7FA /* Assets.xcassets */ = {isa = PBXFileReference; lastKnownFileType = folder.assetcatalog; path = Assets.xcassets; sourceTree = "<group>"; };
		63693B5E2B20DF200056E7FA /* Base */ = {isa = PBXFileReference; lastKnownFileType = file.storyboard; name = Base; path = Base.lproj/LaunchScreen.storyboard; sourceTree = "<group>"; };
		63693B652B20E04C0056E7FA /* Bubbles.sks */ = {isa = PBXFileReference; lastKnownFileType = file.sks; path = Bubbles.sks; sourceTree = "<group>"; };
		63693B672B20F3530056E7FA /* cyborg-ninja.mp3 */ = {isa = PBXFileReference; lastKnownFileType = audio.mp3; name = "cyborg-ninja.mp3"; path = "../../../../Downloads/Project Source Code 2019-05-25/Assets/Project1/cyborg-ninja.mp3"; sourceTree = "<group>"; };
		63693B692B20F3A00056E7FA /* explosion.wav */ = {isa = PBXFileReference; lastKnownFileType = audio.wav; name = explosion.wav; path = "../../../../Downloads/Project Source Code 2019-05-25/Assets/Project1/explosion.wav"; sourceTree = "<group>"; };
		63693B6B2B20F4780056E7FA /* Explosion.sks */ = {isa = PBXFileReference; lastKnownFileType = file.sks; path = Explosion.sks; sourceTree = "<group>"; };
/* End PBXFileReference section */

/* Begin PBXFrameworksBuildPhase section */
		63693B482B20DF1E0056E7FA /* Frameworks */ = {
			isa = PBXFrameworksBuildPhase;
			buildActionMask = 2147483647;
			files = (
			);
			runOnlyForDeploymentPostprocessing = 0;
		};
/* End PBXFrameworksBuildPhase section */

/* Begin PBXGroup section */
		63693B422B20DF1E0056E7FA = {
			isa = PBXGroup;
			children = (
				63693B4D2B20DF1E0056E7FA /* SeaGame */,
				63693B4C2B20DF1E0056E7FA /* Products */,
			);
			sourceTree = "<group>";
		};
		63693B4C2B20DF1E0056E7FA /* Products */ = {
			isa = PBXGroup;
			children = (
				63693B4B2B20DF1E0056E7FA /* SeaGame.app */,
			);
			name = Products;
			sourceTree = "<group>";
		};
		63693B4D2B20DF1E0056E7FA /* SeaGame */ = {
			isa = PBXGroup;
			children = (
				63693B4E2B20DF1E0056E7FA /* AppDelegate.swift */,
				63693B502B20DF1E0056E7FA /* GameScene.sks */,
				63693B522B20DF1E0056E7FA /* Actions.sks */,
				63693B542B20DF1E0056E7FA /* GameScene.swift */,
				63693B6B2B20F4780056E7FA /* Explosion.sks */,
				63693B672B20F3530056E7FA /* cyborg-ninja.mp3 */,
				63693B692B20F3A00056E7FA /* explosion.wav */,
				63693B652B20E04C0056E7FA /* Bubbles.sks */,
				63693B562B20DF1E0056E7FA /* GameViewController.swift */,
				63693B582B20DF1E0056E7FA /* Main.storyboard */,
				63693B5B2B20DF200056E7FA /* Assets.xcassets */,
				63693B5D2B20DF200056E7FA /* LaunchScreen.storyboard */,
			);
			path = SeaGame;
			sourceTree = "<group>";
		};
/* End PBXGroup section */

/* Begin PBXNativeTarget section */
		63693B4A2B20DF1E0056E7FA /* SeaGame */ = {
			isa = PBXNativeTarget;
			buildConfigurationList = 63693B622B20DF200056E7FA /* Build configuration list for PBXNativeTarget "SeaGame" */;
			buildPhases = (
				63693B472B20DF1E0056E7FA /* Sources */,
				63693B482B20DF1E0056E7FA /* Frameworks */,
				63693B492B20DF1E0056E7FA /* Resources */,
			);
			buildRules = (
			);
			dependencies = (
			);
			name = SeaGame;
			productName = SeaGame;
			productReference = 63693B4B2B20DF1E0056E7FA /* SeaGame.app */;
			productType = "com.apple.product-type.application";
		};
/* End PBXNativeTarget section */

/* Begin PBXProject section */
		63693B432B20DF1E0056E7FA /* Project object */ = {
			isa = PBXProject;
			attributes = {
				BuildIndependentTargetsInParallel = 1;
				LastSwiftUpdateCheck = 1500;
				LastUpgradeCheck = 1500;
				TargetAttributes = {
					63693B4A2B20DF1E0056E7FA = {
						CreatedOnToolsVersion = 15.0;
					};
				};
			};
			buildConfigurationList = 63693B462B20DF1E0056E7FA /* Build configuration list for PBXProject "SeaGame" */;
			compatibilityVersion = "Xcode 14.0";
			developmentRegion = en;
			hasScannedForEncodings = 0;
			knownRegions = (
				en,
				Base,
			);
			mainGroup = 63693B422B20DF1E0056E7FA;
			productRefGroup = 63693B4C2B20DF1E0056E7FA /* Products */;
			projectDirPath = "";
			projectRoot = "";
			targets = (
				63693B4A2B20DF1E0056E7FA /* SeaGame */,
			);
		};
/* End PBXProject section */

/* Begin PBXResourcesBuildPhase section */
		63693B492B20DF1E0056E7FA /* Resources */ = {
			isa = PBXResourcesBuildPhase;
			buildActionMask = 2147483647;
			files = (
				63693B5A2B20DF1E0056E7FA /* Main.storyboard in Resources */,
				63693B662B20E04C0056E7FA /* Bubbles.sks in Resources */,
				63693B6A2B20F3A00056E7FA /* explosion.wav in Resources */,
				63693B512B20DF1E0056E7FA /* GameScene.sks in Resources */,
				63693B5C2B20DF200056E7FA /* Assets.xcassets in Resources */,
				63693B5F2B20DF200056E7FA /* LaunchScreen.storyboard in Resources */,
				63693B682B20F3530056E7FA /* cyborg-ninja.mp3 in Resources */,
				63693B532B20DF1E0056E7FA /* Actions.sks in Resources */,
				63693B6C2B20F4780056E7FA /* Explosion.sks in Resources */,
			);
			runOnlyForDeploymentPostprocessing = 0;
		};
/* End PBXResourcesBuildPhase section */

/* Begin PBXSourcesBuildPhase section */
		63693B472B20DF1E0056E7FA /* Sources */ = {
			isa = PBXSourcesBuildPhase;
			buildActionMask = 2147483647;
			files = (
				63693B552B20DF1E0056E7FA /* GameScene.swift in Sources */,
				63693B572B20DF1E0056E7FA /* GameViewController.swift in Sources */,
				63693B4F2B20DF1E0056E7FA /* AppDelegate.swift in Sources */,
			);
			runOnlyForDeploymentPostprocessing = 0;
		};
/* End PBXSourcesBuildPhase section */

/* Begin PBXVariantGroup section */
		63693B582B20DF1E0056E7FA /* Main.storyboard */ = {
			isa = PBXVariantGroup;
			children = (
				63693B592B20DF1E0056E7FA /* Base */,
			);
			name = Main.storyboard;
			sourceTree = "<group>";
		};
		63693B5D2B20DF200056E7FA /* LaunchScreen.storyboard */ = {
			isa = PBXVariantGroup;
			children = (
				63693B5E2B20DF200056E7FA /* Base */,
			);
			name = LaunchScreen.storyboard;
			sourceTree = "<group>";
		};
/* End PBXVariantGroup section */

/* Begin XCBuildConfiguration section */
		63693B602B20DF200056E7FA /* Debug */ = {
			isa = XCBuildConfiguration;
			buildSettings = {
				ALWAYS_SEARCH_USER_PATHS = NO;
				ASSETCATALOG_COMPILER_GENERATE_SWIFT_ASSET_SYMBOL_EXTENSIONS = YES;
				CLANG_ANALYZER_NONNULL = YES;
				CLANG_ANALYZER_NUMBER_OBJECT_CONVERSION = YES_AGGRESSIVE;
				CLANG_CXX_LANGUAGE_STANDARD = "gnu++20";
				CLANG_ENABLE_MODULES = YES;
				CLANG_ENABLE_OBJC_ARC = YES;
				CLANG_ENABLE_OBJC_WEAK = YES;
				CLANG_WARN_BLOCK_CAPTURE_AUTORELEASING = YES;
				CLANG_WARN_BOOL_CONVERSION = YES;
				CLANG_WARN_COMMA = YES;
				CLANG_WARN_CONSTANT_CONVERSION = YES;
				CLANG_WARN_DEPRECATED_OBJC_IMPLEMENTATIONS = YES;
				CLANG_WARN_DIRECT_OBJC_ISA_USAGE = YES_ERROR;
				CLANG_WARN_DOCUMENTATION_COMMENTS = YES;
				CLANG_WARN_EMPTY_BODY = YES;
				CLANG_WARN_ENUM_CONVERSION = YES;
				CLANG_WARN_INFINITE_RECURSION = YES;
				CLANG_WARN_INT_CONVERSION = YES;
				CLANG_WARN_NON_LITERAL_NULL_CONVERSION = YES;
				CLANG_WARN_OBJC_IMPLICIT_RETAIN_SELF = YES;
				CLANG_WARN_OBJC_LITERAL_CONVERSION = YES;
				CLANG_WARN_OBJC_ROOT_CLASS = YES_ERROR;
				CLANG_WARN_QUOTED_INCLUDE_IN_FRAMEWORK_HEADER = YES;
				CLANG_WARN_RANGE_LOOP_ANALYSIS = YES;
				CLANG_WARN_STRICT_PROTOTYPES = YES;
				CLANG_WARN_SUSPICIOUS_MOVE = YES;
				CLANG_WARN_UNGUARDED_AVAILABILITY = YES_AGGRESSIVE;
				CLANG_WARN_UNREACHABLE_CODE = YES;
				CLANG_WARN__DUPLICATE_METHOD_MATCH = YES;
				COPY_PHASE_STRIP = NO;
				DEBUG_INFORMATION_FORMAT = dwarf;
				ENABLE_STRICT_OBJC_MSGSEND = YES;
				ENABLE_TESTABILITY = YES;
				ENABLE_USER_SCRIPT_SANDBOXING = YES;
				GCC_C_LANGUAGE_STANDARD = gnu17;
				GCC_DYNAMIC_NO_PIC = NO;
				GCC_NO_COMMON_BLOCKS = YES;
				GCC_OPTIMIZATION_LEVEL = 0;
				GCC_PREPROCESSOR_DEFINITIONS = (
					"DEBUG=1",
					"$(inherited)",
				);
				GCC_WARN_64_TO_32_BIT_CONVERSION = YES;
				GCC_WARN_ABOUT_RETURN_TYPE = YES_ERROR;
				GCC_WARN_UNDECLARED_SELECTOR = YES;
				GCC_WARN_UNINITIALIZED_AUTOS = YES_AGGRESSIVE;
				GCC_WARN_UNUSED_FUNCTION = YES;
				GCC_WARN_UNUSED_VARIABLE = YES;
				IPHONEOS_DEPLOYMENT_TARGET = 17.0;
				LOCALIZATION_PREFERS_STRING_CATALOGS = YES;
				MTL_ENABLE_DEBUG_INFO = INCLUDE_SOURCE;
				MTL_FAST_MATH = YES;
				ONLY_ACTIVE_ARCH = YES;
				SDKROOT = iphoneos;
				SWIFT_ACTIVE_COMPILATION_CONDITIONS = "DEBUG $(inherited)";
				SWIFT_OPTIMIZATION_LEVEL = "-Onone";
			};
			name = Debug;
		};
		63693B612B20DF200056E7FA /* Release */ = {
			isa = XCBuildConfiguration;
			buildSettings = {
				ALWAYS_SEARCH_USER_PATHS = NO;
				ASSETCATALOG_COMPILER_GENERATE_SWIFT_ASSET_SYMBOL_EXTENSIONS = YES;
				CLANG_ANALYZER_NONNULL = YES;
				CLANG_ANALYZER_NUMBER_OBJECT_CONVERSION = YES_AGGRESSIVE;
				CLANG_CXX_LANGUAGE_STANDARD = "gnu++20";
				CLANG_ENABLE_MODULES = YES;
				CLANG_ENABLE_OBJC_ARC = YES;
				CLANG_ENABLE_OBJC_WEAK = YES;
				CLANG_WARN_BLOCK_CAPTURE_AUTORELEASING = YES;
				CLANG_WARN_BOOL_CONVERSION = YES;
				CLANG_WARN_COMMA = YES;
				CLANG_WARN_CONSTANT_CONVERSION = YES;
				CLANG_WARN_DEPRECATED_OBJC_IMPLEMENTATIONS = YES;
				CLANG_WARN_DIRECT_OBJC_ISA_USAGE = YES_ERROR;
				CLANG_WARN_DOCUMENTATION_COMMENTS = YES;
				CLANG_WARN_EMPTY_BODY = YES;
				CLANG_WARN_ENUM_CONVERSION = YES;
				CLANG_WARN_INFINITE_RECURSION = YES;
				CLANG_WARN_INT_CONVERSION = YES;
				CLANG_WARN_NON_LITERAL_NULL_CONVERSION = YES;
				CLANG_WARN_OBJC_IMPLICIT_RETAIN_SELF = YES;
				CLANG_WARN_OBJC_LITERAL_CONVERSION = YES;
				CLANG_WARN_OBJC_ROOT_CLASS = YES_ERROR;
				CLANG_WARN_QUOTED_INCLUDE_IN_FRAMEWORK_HEADER = YES;
				CLANG_WARN_RANGE_LOOP_ANALYSIS = YES;
				CLANG_WARN_STRICT_PROTOTYPES = YES;
				CLANG_WARN_SUSPICIOUS_MOVE = YES;
				CLANG_WARN_UNGUARDED_AVAILABILITY = YES_AGGRESSIVE;
				CLANG_WARN_UNREACHABLE_CODE = YES;
				CLANG_WARN__DUPLICATE_METHOD_MATCH = YES;
				COPY_PHASE_STRIP = NO;
				DEBUG_INFORMATION_FORMAT = "dwarf-with-dsym";
				ENABLE_NS_ASSERTIONS = NO;
				ENABLE_STRICT_OBJC_MSGSEND = YES;
				ENABLE_USER_SCRIPT_SANDBOXING = YES;
				GCC_C_LANGUAGE_STANDARD = gnu17;
				GCC_NO_COMMON_BLOCKS = YES;
				GCC_WARN_64_TO_32_BIT_CONVERSION = YES;
				GCC_WARN_ABOUT_RETURN_TYPE = YES_ERROR;
				GCC_WARN_UNDECLARED_SELECTOR = YES;
				GCC_WARN_UNINITIALIZED_AUTOS = YES_AGGRESSIVE;
				GCC_WARN_UNUSED_FUNCTION = YES;
				GCC_WARN_UNUSED_VARIABLE = YES;
				IPHONEOS_DEPLOYMENT_TARGET = 17.0;
				LOCALIZATION_PREFERS_STRING_CATALOGS = YES;
				MTL_ENABLE_DEBUG_INFO = NO;
				MTL_FAST_MATH = YES;
				SDKROOT = iphoneos;
				SWIFT_COMPILATION_MODE = wholemodule;
				VALIDATE_PRODUCT = YES;
			};
			name = Release;
		};
		63693B632B20DF200056E7FA /* Debug */ = {
			isa = XCBuildConfiguration;
			buildSettings = {
				ASSETCATALOG_COMPILER_APPICON_NAME = AppIcon;
				ASSETCATALOG_COMPILER_GLOBAL_ACCENT_COLOR_NAME = AccentColor;
				CODE_SIGN_STYLE = Automatic;
				CURRENT_PROJECT_VERSION = 1;
				DEVELOPMENT_TEAM = 5Y7P52GGAD;
				GENERATE_INFOPLIST_FILE = YES;
				INFOPLIST_KEY_UIApplicationSupportsIndirectInputEvents = YES;
				INFOPLIST_KEY_UILaunchStoryboardName = LaunchScreen;
				INFOPLIST_KEY_UIMainStoryboardFile = Main;
				INFOPLIST_KEY_UIStatusBarHidden = YES;
				INFOPLIST_KEY_UISupportedInterfaceOrientations = "UIInterfaceOrientationLandscapeLeft UIInterfaceOrientationLandscapeRight";
				LD_RUNPATH_SEARCH_PATHS = (
					"$(inherited)",
					"@executable_path/Frameworks",
				);
				MARKETING_VERSION = 1.0;
				PRODUCT_BUNDLE_IDENTIFIER = matteo.perotta.SeaGame;
				PRODUCT_NAME = "$(TARGET_NAME)";
				SWIFT_EMIT_LOC_STRINGS = YES;
				SWIFT_VERSION = 5.0;
				TARGETED_DEVICE_FAMILY = "1,2";
			};
			name = Debug;
		};
		63693B642B20DF200056E7FA /* Release */ = {
			isa = XCBuildConfiguration;
			buildSettings = {
				ASSETCATALOG_COMPILER_APPICON_NAME = AppIcon;
				ASSETCATALOG_COMPILER_GLOBAL_ACCENT_COLOR_NAME = AccentColor;
				CODE_SIGN_STYLE = Automatic;
				CURRENT_PROJECT_VERSION = 1;
				DEVELOPMENT_TEAM = 5Y7P52GGAD;
				GENERATE_INFOPLIST_FILE = YES;
				INFOPLIST_KEY_UIApplicationSupportsIndirectInputEvents = YES;
				INFOPLIST_KEY_UILaunchStoryboardName = LaunchScreen;
				INFOPLIST_KEY_UIMainStoryboardFile = Main;
				INFOPLIST_KEY_UIStatusBarHidden = YES;
				INFOPLIST_KEY_UISupportedInterfaceOrientations = "UIInterfaceOrientationLandscapeLeft UIInterfaceOrientationLandscapeRight";
				LD_RUNPATH_SEARCH_PATHS = (
					"$(inherited)",
					"@executable_path/Frameworks",
				);
				MARKETING_VERSION = 1.0;
				PRODUCT_BUNDLE_IDENTIFIER = matteo.perotta.SeaGame;
				PRODUCT_NAME = "$(TARGET_NAME)";
				SWIFT_EMIT_LOC_STRINGS = YES;
				SWIFT_VERSION = 5.0;
				TARGETED_DEVICE_FAMILY = "1,2";
			};
			name = Release;
		};
/* End XCBuildConfiguration section */

/* Begin XCConfigurationList section */
		63693B462B20DF1E0056E7FA /* Build configuration list for PBXProject "SeaGame" */ = {
			isa = XCConfigurationList;
			buildConfigurations = (
				63693B602B20DF200056E7FA /* Debug */,
				63693B612B20DF200056E7FA /* Release */,
			);
			defaultConfigurationIsVisible = 0;
			defaultConfigurationName = Release;
		};
		63693B622B20DF200056E7FA /* Build configuration list for PBXNativeTarget "SeaGame" */ = {
			isa = XCConfigurationList;
			buildConfigurations = (
				63693B632B20DF200056E7FA /* Debug */,
				63693B642B20DF200056E7FA /* Release */,
			);
			defaultConfigurationIsVisible = 0;
			defaultConfigurationName = Release;
		};
/* End XCConfigurationList section */
	};
	rootObject = 63693B432B20DF1E0056E7FA /* Project object */;
}
